
Microsoft Visual Studio Solution File, Format Version 12.00
# Visual Studio Version 17
VisualStudioVersion = 17.8.34316.72
MinimumVisualStudioVersion = 10.0.40219.1
Project("{9A19103F-16F7-4668-BE54-9A1E7A4F7556}") = "TodoApp.WebApi", "TodoApp.WebApi\TodoApp.WebApi.csproj", "{44B735F7-90F7-4AD6-A989-C58A270A78F7}"
EndProject
Project("{FAE04EC0-301F-11D3-BF4B-00C04F79EFBC}") = "TodoApp.AcceptanceTests", "TodoApp.AcceptanceTests\TodoApp.AcceptanceTests.csproj", "{91801905-1CD6-432B-BA79-5BD2CA0EF333}"
EndProject
Project("{2150E333-8FDC-42A3-9474-1A3956D46DE8}") = "SolutionItems", "SolutionItems", "{FB952C94-A0CC-4AFA-A32D-1E3CDC434BDA}"
	ProjectSection(SolutionItems) = preProject
		README.md = README.md
	EndProjectSection
EndProject
Project("{2150E333-8FDC-42A3-9474-1A3956D46DE8}") = "Pipelines", "Pipelines", "{EE8C1123-6EF2-406B-844A-E7FB76785164}"
	ProjectSection(SolutionItems) = preProject
		.github\workflows\run-tests.yml = .github\workflows\run-tests.yml
	EndProjectSection
EndProject
Global
	GlobalSection(SolutionConfigurationPlatforms) = preSolution
		Debug|Any CPU = Debug|Any CPU
		Release|Any CPU = Release|Any CPU
	EndGlobalSection
	GlobalSection(ProjectConfigurationPlatforms) = postSolution
		{44B735F7-90F7-4AD6-A989-C58A270A78F7}.Debug|Any CPU.ActiveCfg = Debug|Any CPU
		{44B735F7-90F7-4AD6-A989-C58A270A78F7}.Debug|Any CPU.Build.0 = Debug|Any CPU
		{44B735F7-90F7-4AD6-A989-C58A270A78F7}.Release|Any CPU.ActiveCfg = Release|Any CPU
		{44B735F7-90F7-4AD6-A989-C58A270A78F7}.Release|Any CPU.Build.0 = Release|Any CPU
		{91801905-1CD6-432B-BA79-5BD2CA0EF333}.Debug|Any CPU.ActiveCfg = Debug|Any CPU
		{91801905-1CD6-432B-BA79-5BD2CA0EF333}.Debug|Any CPU.Build.0 = Debug|Any CPU
		{91801905-1CD6-432B-BA79-5BD2CA0EF333}.Release|Any CPU.ActiveCfg = Release|Any CPU
		{91801905-1CD6-432B-BA79-5BD2CA0EF333}.Release|Any CPU.Build.0 = Release|Any CPU
	EndGlobalSection
	GlobalSection(SolutionProperties) = preSolution
		HideSolutionNode = FALSE
	EndGlobalSection
	GlobalSection(ExtensibilityGlobals) = postSolution
		SolutionGuid = {86ACF700-AB7B-4565-AAF6-164809796D89}
	EndGlobalSection
	GlobalSection(NestedProjects) = preSolution
		{EE8C1123-6EF2-406B-844A-E7FB76785164} = {FB952C94-A0CC-4AFA-A32D-1E3CDC434BDA}
	EndGlobalSection
EndGlobal
